
Microsoft Visual Studio Solution File, Format Version 12.00
# Visual Studio Version 17
VisualStudioVersion = 17.8.34525.116
MinimumVisualStudioVersion = 10.0.40219.1
Project("{FAE04EC0-301F-11D3-BF4B-00C04F79EFBC}") = "HomeManager", "HomeManager.csproj", "{5F168DFF-D970-4CB4-A9BC-05CCE5E67B44}"
EndProject
Global
	GlobalSection(SolutionConfigurationPlatforms) = preSolution
		Debug|Any CPU = Debug|Any CPU
		Release|Any CPU = Release|Any CPU
	EndGlobalSection
	GlobalSection(ProjectConfigurationPlatforms) = postSolution
		{5F168DFF-D970-4CB4-A9BC-05CCE5E67B44}.Debug|Any CPU.ActiveCfg = Debug|Any CPU
		{5F168DFF-D970-4CB4-A9BC-05CCE5E67B44}.Debug|Any CPU.Build.0 = Debug|Any CPU
		{5F168DFF-D970-4CB4-A9BC-05CCE5E67B44}.Release|Any CPU.ActiveCfg = Release|Any CPU
		{5F168DFF-D970-4CB4-A9BC-05CCE5E67B44}.Release|Any CPU.Build.0 = Release|Any CPU
	EndGlobalSection
	GlobalSection(SolutionProperties) = preSolution
		HideSolutionNode = FALSE
	EndGlobalSection
	GlobalSection(ExtensibilityGlobals) = postSolution
		SolutionGuid = {FDDE8339-E543-470A-8F3B-4F667C3E82D8}
	EndGlobalSection
EndGlobal
